{
    "version": 3,
    "terraform_version": "0.11.8",
    "serial": 2,
    "lineage": "e363306b-6aa9-3f64-444d-bc2fc4e1cc8e",
    "modules": [
        {
            "path": [
                "root"
            ],
            "outputs": {
                "Load balance endpoint": {
                    "sensitive": false,
                    "type": "string",
                    "value": "project-2-loadbalancer-1661641375.us-west-2.elb.amazonaws.com"
                }
            },
            "resources": {
                "aws_alb_target_group.alb_front_http_webservers": {
                    "type": "aws_alb_target_group",
                    "depends_on": [
                        "aws_vpc.P2_VPC"
                    ],
                    "primary": {
                        "id": "arn:aws:elasticloadbalancing:us-west-2:729972032551:targetgroup/alb-front-http/711571546f461971",
                        "attributes": {
                            "arn": "arn:aws:elasticloadbalancing:us-west-2:729972032551:targetgroup/alb-front-http/711571546f461971",
                            "arn_suffix": "targetgroup/alb-front-http/711571546f461971",
                            "deregistration_delay": "300",
                            "health_check.#": "1",
                            "health_check.0.healthy_threshold": "5",
                            "health_check.0.interval": "30",
                            "health_check.0.matcher": "200",
                            "health_check.0.path": "/",
                            "health_check.0.port": "traffic-port",
                            "health_check.0.protocol": "HTTP",
                            "health_check.0.timeout": "5",
                            "health_check.0.unhealthy_threshold": "2",
                            "id": "arn:aws:elasticloadbalancing:us-west-2:729972032551:targetgroup/alb-front-http/711571546f461971",
                            "name": "alb-front-http",
                            "port": "80",
                            "protocol": "HTTP",
                            "proxy_protocol_v2": "false",
                            "slow_start": "0",
                            "stickiness.#": "1",
                            "stickiness.0.cookie_duration": "86400",
                            "stickiness.0.enabled": "false",
                            "stickiness.0.type": "lb_cookie",
                            "tags.%": "0",
                            "target_type": "instance",
                            "vpc_id": "vpc-02d6facd4168b0626"
                        },
                        "meta": {},
                        "tainted": false
                    },
                    "deposed": [],
                    "provider": "provider.aws"
                },
                "aws_db_instance.private-DB": {
                    "type": "aws_db_instance",
                    "depends_on": [
                        "aws_db_subnet_group.db",
                        "aws_security_group.DB_server"
                    ],
                    "primary": {
                        "id": "terraform-20180906225400735600000002",
                        "attributes": {
                            "address": "terraform-20180906225400735600000002.cazbdmmnovks.us-west-2.rds.amazonaws.com",
                            "allocated_storage": "10",
                            "arn": "arn:aws:rds:us-west-2:729972032551:db:terraform-20180906225400735600000002",
                            "auto_minor_version_upgrade": "true",
                            "availability_zone": "us-west-2b",
                            "backup_retention_period": "0",
                            "backup_window": "06:55-07:25",
                            "ca_cert_identifier": "rds-ca-2015",
                            "copy_tags_to_snapshot": "false",
                            "db_subnet_group_name": "db",
                            "enabled_cloudwatch_logs_exports.#": "0",
                            "endpoint": "terraform-20180906225400735600000002.cazbdmmnovks.us-west-2.rds.amazonaws.com:3306",
                            "engine": "mysql",
                            "engine_version": "5.7.22",
                            "hosted_zone_id": "Z1PVIF0B656C1W",
                            "iam_database_authentication_enabled": "false",
                            "id": "terraform-20180906225400735600000002",
                            "identifier": "terraform-20180906225400735600000002",
                            "instance_class": "db.t2.micro",
                            "iops": "0",
                            "kms_key_id": "",
                            "license_model": "general-public-license",
                            "maintenance_window": "sat:12:33-sat:13:03",
                            "monitoring_interval": "0",
                            "multi_az": "false",
                            "name": "p2db",
                            "option_group_name": "default:mysql-5-7",
                            "parameter_group_name": "default.mysql5.7",
                            "password": "324neWWEkdn31ejkjrr",
                            "port": "3306",
                            "publicly_accessible": "false",
                            "replicas.#": "0",
                            "replicate_source_db": "",
                            "resource_id": "db-5KNXOX2K2UOLXBFGTTNTRBQN3Y",
                            "security_group_names.#": "0",
                            "skip_final_snapshot": "true",
                            "status": "available",
                            "storage_encrypted": "false",
                            "storage_type": "gp2",
                            "tags.%": "0",
                            "timezone": "",
                            "username": "serverAdmin",
                            "vpc_security_group_ids.#": "1",
                            "vpc_security_group_ids.2829753337": "sg-07e0255ecdf7e49fc"
                        },
                        "meta": {
                            "e2bfb730-ecaa-11e6-8f88-34363bc7c4c0": {
                                "create": 2400000000000,
                                "delete": 2400000000000,
                                "update": 4800000000000
                            }
                        },
                        "tainted": false
                    },
                    "deposed": [],
                    "provider": "provider.aws"
                },
                "aws_db_subnet_group.db": {
                    "type": "aws_db_subnet_group",
                    "depends_on": [
                        "aws_subnet.Private-db-zone-a",
                        "aws_subnet.Private-db-zone-b"
                    ],
                    "primary": {
                        "id": "db",
                        "attributes": {
                            "arn": "arn:aws:rds:us-west-2:729972032551:subgrp:db",
                            "description": "Our main group of subnets",
                            "id": "db",
                            "name": "db",
                            "subnet_ids.#": "2",
                            "subnet_ids.1347216317": "subnet-0f88e2af618a34ebc",
                            "subnet_ids.2197872414": "subnet-071284ac10d7adb79",
                            "tags.%": "0"
                        },
                        "meta": {},
                        "tainted": false
                    },
                    "deposed": [],
                    "provider": "provider.aws"
                },
                "aws_eip.forNat": {
                    "type": "aws_eip",
                    "depends_on": [],
                    "primary": {
                        "id": "eipalloc-0cd80a3ec7d8181eb",
                        "attributes": {
                            "association_id": "eipassoc-a405c55b",
                            "domain": "vpc",
                            "id": "eipalloc-0cd80a3ec7d8181eb",
                            "instance": "",
                            "network_interface": "eni-08b77436efc67c5a8",
                            "private_ip": "10.0.1.252",
                            "public_ip": "52.41.67.1",
                            "tags.%": "0",
                            "vpc": "true"
                        },
                        "meta": {
                            "e2bfb730-ecaa-11e6-8f88-34363bc7c4c0": {
                                "delete": 180000000000,
                                "read": 900000000000,
                                "update": 300000000000
                            }
                        },
                        "tainted": false
                    },
                    "deposed": [],
                    "provider": "provider.aws"
                },
                "aws_iam_instance_profile.webserver_profile": {
                    "type": "aws_iam_instance_profile",
                    "depends_on": [
                        "aws_iam_role.webserver_role"
                    ],
                    "primary": {
                        "id": "webserver_profile",
                        "attributes": {
                            "arn": "arn:aws:iam::729972032551:instance-profile/webserver_profile",
                            "create_date": "2018-09-06T22:53:42Z",
                            "id": "webserver_profile",
                            "name": "webserver_profile",
                            "path": "/",
                            "role": "webserver_role",
                            "roles.#": "1",
                            "roles.1052946942": "webserver_role",
                            "unique_id": "AIPAJGW7VZA3ROZUG7BC2"
                        },
                        "meta": {},
                        "tainted": false
                    },
                    "deposed": [],
                    "provider": "provider.aws"
                },
                "aws_iam_policy_attachment.s3_read_only": {
                    "type": "aws_iam_policy_attachment",
                    "depends_on": [
                        "aws_iam_role.webserver_role"
                    ],
                    "primary": {
                        "id": "s3-read-only",
                        "attributes": {
                            "groups.#": "0",
                            "id": "s3-read-only",
                            "name": "s3-read-only",
                            "policy_arn": "arn:aws:iam::aws:policy/AmazonS3ReadOnlyAccess",
                            "roles.#": "1",
                            "roles.1052946942": "webserver_role",
                            "users.#": "0"
                        },
                        "meta": {},
                        "tainted": false
                    },
                    "deposed": [],
                    "provider": "provider.aws"
                },
                "aws_iam_role.webserver_role": {
                    "type": "aws_iam_role",
                    "depends_on": [],
                    "primary": {
                        "id": "webserver_role",
                        "attributes": {
                            "arn": "arn:aws:iam::729972032551:role/webserver_role",
                            "assume_role_policy": "{\"Version\":\"2012-10-17\",\"Statement\":[{\"Effect\":\"Allow\",\"Principal\":{\"Service\":\"ec2.amazonaws.com\"},\"Action\":\"sts:AssumeRole\"}]}",
                            "create_date": "2018-09-06T22:53:41Z",
                            "description": "",
                            "force_detach_policies": "false",
                            "id": "webserver_role",
                            "max_session_duration": "3600",
                            "name": "webserver_role",
                            "path": "/",
                            "unique_id": "AROAJFUL4SCHF65YGCUOW"
                        },
                        "meta": {},
                        "tainted": false
                    },
                    "deposed": [],
                    "provider": "provider.aws"
                },
                "aws_internet_gateway.gw": {
                    "type": "aws_internet_gateway",
                    "depends_on": [
                        "aws_vpc.P2_VPC"
                    ],
                    "primary": {
                        "id": "igw-026f9c4b1adace3cd",
                        "attributes": {
                            "id": "igw-026f9c4b1adace3cd",
                            "tags.%": "1",
                            "tags.Name": "IGW for VPC",
                            "vpc_id": "vpc-02d6facd4168b0626"
                        },
                        "meta": {},
                        "tainted": false
                    },
                    "deposed": [],
                    "provider": "provider.aws"
                },
                "aws_lb.project_lb": {
                    "type": "aws_lb",
                    "depends_on": [
                        "aws_security_group.load_balancer_security_group",
                        "aws_subnet.Public_webserver_zone_a",
                        "aws_subnet.Public_webserver_zone_b"
                    ],
                    "primary": {
                        "id": "arn:aws:elasticloadbalancing:us-west-2:729972032551:loadbalancer/app/project-2-loadbalancer/51ba0da68017e20c",
                        "attributes": {
                            "access_logs.#": "0",
                            "arn": "arn:aws:elasticloadbalancing:us-west-2:729972032551:loadbalancer/app/project-2-loadbalancer/51ba0da68017e20c",
                            "arn_suffix": "app/project-2-loadbalancer/51ba0da68017e20c",
                            "dns_name": "project-2-loadbalancer-1661641375.us-west-2.elb.amazonaws.com",
                            "enable_deletion_protection": "false",
                            "enable_http2": "true",
                            "id": "arn:aws:elasticloadbalancing:us-west-2:729972032551:loadbalancer/app/project-2-loadbalancer/51ba0da68017e20c",
                            "idle_timeout": "60",
                            "internal": "false",
                            "ip_address_type": "ipv4",
                            "load_balancer_type": "application",
                            "name": "project-2-loadbalancer",
                            "security_groups.#": "1",
                            "security_groups.1582031508": "sg-0058f29e46acaa921",
                            "subnet_mapping.#": "0",
                            "subnets.#": "2",
                            "subnets.4095624461": "subnet-01660dd8f3a3bc286",
                            "subnets.410927899": "subnet-0178385a4cbb0b1e4",
                            "tags.%": "0",
                            "vpc_id": "vpc-02d6facd4168b0626",
                            "zone_id": "Z1H1FL5HABSF5"
                        },
                        "meta": {
                            "e2bfb730-ecaa-11e6-8f88-34363bc7c4c0": {
                                "create": 600000000000,
                                "delete": 600000000000,
                                "update": 600000000000
                            }
                        },
                        "tainted": false
                    },
                    "deposed": [],
                    "provider": "provider.aws"
                },
                "aws_lb_listener.front_end": {
                    "type": "aws_lb_listener",
                    "depends_on": [
                        "aws_alb_target_group.alb_front_http_webservers",
                        "aws_lb.project_lb"
                    ],
                    "primary": {
                        "id": "arn:aws:elasticloadbalancing:us-west-2:729972032551:listener/app/project-2-loadbalancer/51ba0da68017e20c/83a8ac0fac21ef33",
                        "attributes": {
                            "arn": "arn:aws:elasticloadbalancing:us-west-2:729972032551:listener/app/project-2-loadbalancer/51ba0da68017e20c/83a8ac0fac21ef33",
                            "default_action.#": "1",
                            "default_action.0.fixed_response.#": "0",
                            "default_action.0.redirect.#": "0",
                            "default_action.0.target_group_arn": "arn:aws:elasticloadbalancing:us-west-2:729972032551:targetgroup/alb-front-http/711571546f461971",
                            "default_action.0.type": "forward",
                            "id": "arn:aws:elasticloadbalancing:us-west-2:729972032551:listener/app/project-2-loadbalancer/51ba0da68017e20c/83a8ac0fac21ef33",
                            "load_balancer_arn": "arn:aws:elasticloadbalancing:us-west-2:729972032551:loadbalancer/app/project-2-loadbalancer/51ba0da68017e20c",
                            "port": "80",
                            "protocol": "HTTP",
                            "ssl_policy": ""
                        },
                        "meta": {},
                        "tainted": false
                    },
                    "deposed": [],
                    "provider": "provider.aws"
                },
                "aws_main_route_table_association.new_main_route_table": {
                    "type": "aws_main_route_table_association",
                    "depends_on": [
                        "aws_route_table.public",
                        "aws_vpc.P2_VPC"
                    ],
                    "primary": {
                        "id": "rtbassoc-0e377bb72efded761",
                        "attributes": {
                            "id": "rtbassoc-0e377bb72efded761",
                            "original_route_table_id": "rtb-0f184462cae87453a",
                            "route_table_id": "rtb-0945cb71496f2a3d2",
                            "vpc_id": "vpc-02d6facd4168b0626"
                        },
                        "meta": {},
                        "tainted": false
                    },
                    "deposed": [],
                    "provider": "provider.aws"
                },
                "aws_nat_gateway.Public_webserver_zone_a": {
                    "type": "aws_nat_gateway",
                    "depends_on": [
                        "aws_eip.forNat",
                        "aws_internet_gateway.gw",
                        "aws_subnet.Public_webserver_zone_a"
                    ],
                    "primary": {
                        "id": "nat-00eb4f54bdb42bad1",
                        "attributes": {
                            "allocation_id": "eipalloc-0cd80a3ec7d8181eb",
                            "id": "nat-00eb4f54bdb42bad1",
                            "network_interface_id": "eni-08b77436efc67c5a8",
                            "private_ip": "10.0.1.252",
                            "public_ip": "52.41.67.1",
                            "subnet_id": "subnet-01660dd8f3a3bc286",
                            "tags.%": "0"
                        },
                        "meta": {},
                        "tainted": false
                    },
                    "deposed": [],
                    "provider": "provider.aws"
                },
                "aws_route53_record.database": {
                    "type": "aws_route53_record",
                    "depends_on": [
                        "aws_db_instance.private-DB",
                        "aws_route53_zone.primary"
                    ],
                    "primary": {
                        "id": "Z1OP6WUGNDKGM7_database.p2.internal_CNAME",
                        "attributes": {
                            "allow_overwrite": "true",
                            "fqdn": "database.p2.internal",
                            "health_check_id": "",
                            "id": "Z1OP6WUGNDKGM7_database.p2.internal_CNAME",
                            "name": "database.p2.internal",
                            "records.#": "1",
                            "records.2211145073": "terraform-20180906225400735600000002.cazbdmmnovks.us-west-2.rds.amazonaws.com",
                            "set_identifier": "",
                            "ttl": "60",
                            "type": "CNAME",
                            "zone_id": "Z1OP6WUGNDKGM7"
                        },
                        "meta": {
                            "schema_version": "2"
                        },
                        "tainted": false
                    },
                    "deposed": [],
                    "provider": "provider.aws"
                },
                "aws_route53_zone.primary": {
                    "type": "aws_route53_zone",
                    "depends_on": [
                        "aws_vpc.P2_VPC"
                    ],
                    "primary": {
                        "id": "Z1OP6WUGNDKGM7",
                        "attributes": {
                            "comment": "Managed by Terraform",
                            "force_destroy": "false",
                            "id": "Z1OP6WUGNDKGM7",
                            "name": "p2.internal",
                            "name_servers.#": "4",
                            "name_servers.0": "ns-0.awsdns-00.com.",
                            "name_servers.1": "ns-1024.awsdns-00.org.",
                            "name_servers.2": "ns-1536.awsdns-00.co.uk.",
                            "name_servers.3": "ns-512.awsdns-00.net.",
                            "tags.%": "0",
                            "vpc_id": "vpc-02d6facd4168b0626",
                            "vpc_region": "us-west-2",
                            "zone_id": "Z1OP6WUGNDKGM7"
                        },
                        "meta": {},
                        "tainted": false
                    },
                    "deposed": [],
                    "provider": "provider.aws"
                },
                "aws_route_table.private": {
                    "type": "aws_route_table",
                    "depends_on": [
                        "aws_nat_gateway.Public_webserver_zone_a",
                        "aws_vpc.P2_VPC"
                    ],
                    "primary": {
                        "id": "rtb-0041c77d00596de00",
                        "attributes": {
                            "id": "rtb-0041c77d00596de00",
                            "propagating_vgws.#": "0",
                            "route.#": "1",
                            "route.268081019.cidr_block": "0.0.0.0/0",
                            "route.268081019.egress_only_gateway_id": "",
                            "route.268081019.gateway_id": "",
                            "route.268081019.instance_id": "",
                            "route.268081019.ipv6_cidr_block": "",
                            "route.268081019.nat_gateway_id": "nat-00eb4f54bdb42bad1",
                            "route.268081019.network_interface_id": "",
                            "route.268081019.vpc_peering_connection_id": "",
                            "tags.%": "1",
                            "tags.Name": "Private",
                            "vpc_id": "vpc-02d6facd4168b0626"
                        },
                        "meta": {},
                        "tainted": false
                    },
                    "deposed": [],
                    "provider": "provider.aws"
                },
                "aws_route_table.public": {
                    "type": "aws_route_table",
                    "depends_on": [
                        "aws_internet_gateway.gw",
                        "aws_vpc.P2_VPC"
                    ],
                    "primary": {
                        "id": "rtb-0945cb71496f2a3d2",
                        "attributes": {
                            "id": "rtb-0945cb71496f2a3d2",
                            "propagating_vgws.#": "0",
                            "route.#": "1",
                            "route.2336315628.cidr_block": "0.0.0.0/0",
                            "route.2336315628.egress_only_gateway_id": "",
                            "route.2336315628.gateway_id": "igw-026f9c4b1adace3cd",
                            "route.2336315628.instance_id": "",
                            "route.2336315628.ipv6_cidr_block": "",
                            "route.2336315628.nat_gateway_id": "",
                            "route.2336315628.network_interface_id": "",
                            "route.2336315628.vpc_peering_connection_id": "",
                            "tags.%": "1",
                            "tags.Name": "Public",
                            "vpc_id": "vpc-02d6facd4168b0626"
                        },
                        "meta": {},
                        "tainted": false
                    },
                    "deposed": [],
                    "provider": "provider.aws"
                },
                "aws_route_table_association.Private-db-zone-a": {
                    "type": "aws_route_table_association",
                    "depends_on": [
                        "aws_route_table.private",
                        "aws_subnet.Private-db-zone-a"
                    ],
                    "primary": {
                        "id": "rtbassoc-0db1b9637922fb797",
                        "attributes": {
                            "id": "rtbassoc-0db1b9637922fb797",
                            "route_table_id": "rtb-0041c77d00596de00",
                            "subnet_id": "subnet-071284ac10d7adb79"
                        },
                        "meta": {},
                        "tainted": false
                    },
                    "deposed": [],
                    "provider": "provider.aws"
                },
                "aws_route_table_association.Private-db-zone-b": {
                    "type": "aws_route_table_association",
                    "depends_on": [
                        "aws_route_table.private",
                        "aws_subnet.Private-db-zone-b"
                    ],
                    "primary": {
                        "id": "rtbassoc-0ab30f362bc75df4e",
                        "attributes": {
                            "id": "rtbassoc-0ab30f362bc75df4e",
                            "route_table_id": "rtb-0041c77d00596de00",
                            "subnet_id": "subnet-0f88e2af618a34ebc"
                        },
                        "meta": {},
                        "tainted": false
                    },
                    "deposed": [],
                    "provider": "provider.aws"
                },
                "aws_route_table_association.Public_bastion_zone_a": {
                    "type": "aws_route_table_association",
                    "depends_on": [
                        "aws_route_table.public",
                        "aws_subnet.Public_bastion_zone_a"
                    ],
                    "primary": {
                        "id": "rtbassoc-097fe0158fc411475",
                        "attributes": {
                            "id": "rtbassoc-097fe0158fc411475",
                            "route_table_id": "rtb-0945cb71496f2a3d2",
                            "subnet_id": "subnet-0e62cfae7a0c6abf4"
                        },
                        "meta": {},
                        "tainted": false
                    },
                    "deposed": [],
                    "provider": "provider.aws"
                },
                "aws_route_table_association.Public_bastion_zone_b": {
                    "type": "aws_route_table_association",
                    "depends_on": [
                        "aws_route_table.public",
                        "aws_subnet.Public_bastion_zone_b"
                    ],
                    "primary": {
                        "id": "rtbassoc-0d44ee16ccfbd6d76",
                        "attributes": {
                            "id": "rtbassoc-0d44ee16ccfbd6d76",
                            "route_table_id": "rtb-0945cb71496f2a3d2",
                            "subnet_id": "subnet-03907b7d6f52a2222"
                        },
                        "meta": {},
                        "tainted": false
                    },
                    "deposed": [],
                    "provider": "provider.aws"
                },
                "aws_route_table_association.Public_webserver_zone_a": {
                    "type": "aws_route_table_association",
                    "depends_on": [
                        "aws_route_table.public",
                        "aws_subnet.Public_webserver_zone_a"
                    ],
                    "primary": {
                        "id": "rtbassoc-03f3a5e3d22241fcb",
                        "attributes": {
                            "id": "rtbassoc-03f3a5e3d22241fcb",
                            "route_table_id": "rtb-0945cb71496f2a3d2",
                            "subnet_id": "subnet-01660dd8f3a3bc286"
                        },
                        "meta": {},
                        "tainted": false
                    },
                    "deposed": [],
                    "provider": "provider.aws"
                },
                "aws_route_table_association.Public_webserver_zone_b": {
                    "type": "aws_route_table_association",
                    "depends_on": [
                        "aws_route_table.public",
                        "aws_subnet.Public_webserver_zone_b"
                    ],
                    "primary": {
                        "id": "rtbassoc-0717b0b5db654ee88",
                        "attributes": {
                            "id": "rtbassoc-0717b0b5db654ee88",
                            "route_table_id": "rtb-0945cb71496f2a3d2",
                            "subnet_id": "subnet-0178385a4cbb0b1e4"
                        },
                        "meta": {},
                        "tainted": false
                    },
                    "deposed": [],
                    "provider": "provider.aws"
                },
                "aws_s3_bucket.server-files-bucket": {
                    "type": "aws_s3_bucket",
                    "depends_on": [],
                    "primary": {
                        "id": "server-files-bucket",
                        "attributes": {
                            "acceleration_status": "",
                            "acl": "private",
                            "arn": "arn:aws:s3:::server-files-bucket",
                            "bucket": "server-files-bucket",
                            "bucket_domain_name": "server-files-bucket.s3.amazonaws.com",
                            "bucket_regional_domain_name": "server-files-bucket.s3.us-west-2.amazonaws.com",
                            "cors_rule.#": "0",
                            "force_destroy": "false",
                            "hosted_zone_id": "Z3BJ6K6RIION7M",
                            "id": "server-files-bucket",
                            "logging.#": "0",
                            "region": "us-west-2",
                            "replication_configuration.#": "0",
                            "request_payer": "BucketOwner",
                            "server_side_encryption_configuration.#": "0",
                            "tags.%": "0",
                            "versioning.#": "1",
                            "versioning.0.enabled": "false",
                            "versioning.0.mfa_delete": "false",
                            "website.#": "0"
                        },
                        "meta": {},
                        "tainted": false
                    },
                    "deposed": [],
                    "provider": "provider.aws"
                },
                "aws_s3_bucket_object.boot-file": {
                    "type": "aws_s3_bucket_object",
                    "depends_on": [
                        "aws_s3_bucket.server-files-bucket"
                    ],
                    "primary": {
                        "id": "bootstrap.sh",
                        "attributes": {
                            "acl": "private",
                            "bucket": "server-files-bucket",
                            "cache_control": "",
                            "content_disposition": "",
                            "content_encoding": "",
                            "content_language": "",
                            "content_type": "binary/octet-stream",
                            "etag": "494e83866f587321fc8905a443ca76b2",
                            "id": "bootstrap.sh",
                            "key": "bootstrap.sh",
                            "server_side_encryption": "",
                            "source": "./webserver_scripts/bootstrap.sh",
                            "storage_class": "STANDARD",
                            "tags.%": "0",
                            "version_id": "",
                            "website_redirect": ""
                        },
                        "meta": {},
                        "tainted": false
                    },
                    "deposed": [],
                    "provider": "provider.aws"
                },
                "aws_s3_bucket_object.server-files": {
                    "type": "aws_s3_bucket_object",
                    "depends_on": [
                        "aws_s3_bucket.server-files-bucket"
                    ],
                    "primary": {
                        "id": "server-files.tar.gz",
                        "attributes": {
                            "acl": "private",
                            "bucket": "server-files-bucket",
                            "cache_control": "",
                            "content_disposition": "",
                            "content_encoding": "",
                            "content_language": "",
                            "content_type": "binary/octet-stream",
                            "etag": "8fafc8a320edcd0a549bca8085fa406c",
                            "id": "server-files.tar.gz",
                            "key": "server-files.tar.gz",
                            "server_side_encryption": "",
                            "source": "./server_files.tar.gz",
                            "storage_class": "STANDARD",
                            "tags.%": "0",
                            "version_id": "",
                            "website_redirect": ""
                        },
                        "meta": {},
                        "tainted": false
                    },
                    "deposed": [],
                    "provider": "provider.aws"
                },
                "aws_security_group.DB_server": {
                    "type": "aws_security_group",
                    "depends_on": [
                        "aws_vpc.P2_VPC"
                    ],
                    "primary": {
                        "id": "sg-07e0255ecdf7e49fc",
                        "attributes": {
                            "arn": "arn:aws:ec2:us-west-2:729972032551:security-group/sg-07e0255ecdf7e49fc",
                            "description": "Security group for DB",
                            "egress.#": "1",
                            "egress.482069346.cidr_blocks.#": "1",
                            "egress.482069346.cidr_blocks.0": "0.0.0.0/0",
                            "egress.482069346.description": "",
                            "egress.482069346.from_port": "0",
                            "egress.482069346.ipv6_cidr_blocks.#": "0",
                            "egress.482069346.prefix_list_ids.#": "0",
                            "egress.482069346.protocol": "-1",
                            "egress.482069346.security_groups.#": "0",
                            "egress.482069346.self": "false",
                            "egress.482069346.to_port": "0",
                            "id": "sg-07e0255ecdf7e49fc",
                            "ingress.#": "1",
                            "ingress.3879947454.cidr_blocks.#": "2",
                            "ingress.3879947454.cidr_blocks.0": "10.0.1.0/24",
                            "ingress.3879947454.cidr_blocks.1": "10.0.2.0/24",
                            "ingress.3879947454.description": "",
                            "ingress.3879947454.from_port": "3306",
                            "ingress.3879947454.ipv6_cidr_blocks.#": "0",
                            "ingress.3879947454.protocol": "TCP",
                            "ingress.3879947454.security_groups.#": "0",
                            "ingress.3879947454.self": "false",
                            "ingress.3879947454.to_port": "3306",
                            "name": "db_server",
                            "owner_id": "729972032551",
                            "revoke_rules_on_delete": "false",
                            "tags.%": "0",
                            "vpc_id": "vpc-02d6facd4168b0626"
                        },
                        "meta": {
                            "e2bfb730-ecaa-11e6-8f88-34363bc7c4c0": {
                                "create": 600000000000,
                                "delete": 600000000000
                            },
                            "schema_version": "1"
                        },
                        "tainted": false
                    },
                    "deposed": [],
                    "provider": "provider.aws"
                },
                "aws_security_group.Webserver_zone_a": {
                    "type": "aws_security_group",
                    "depends_on": [
                        "aws_vpc.P2_VPC"
                    ],
                    "primary": {
                        "id": "sg-07ea4ab7085d0c3a2",
                        "attributes": {
                            "arn": "arn:aws:ec2:us-west-2:729972032551:security-group/sg-07ea4ab7085d0c3a2",
                            "description": "Open up port for server",
                            "egress.#": "1",
                            "egress.482069346.cidr_blocks.#": "1",
                            "egress.482069346.cidr_blocks.0": "0.0.0.0/0",
                            "egress.482069346.description": "",
                            "egress.482069346.from_port": "0",
                            "egress.482069346.ipv6_cidr_blocks.#": "0",
                            "egress.482069346.prefix_list_ids.#": "0",
                            "egress.482069346.protocol": "-1",
                            "egress.482069346.security_groups.#": "0",
                            "egress.482069346.self": "false",
                            "egress.482069346.to_port": "0",
                            "id": "sg-07ea4ab7085d0c3a2",
                            "ingress.#": "2",
                            "ingress.2214680975.cidr_blocks.#": "1",
                            "ingress.2214680975.cidr_blocks.0": "0.0.0.0/0",
                            "ingress.2214680975.description": "",
                            "ingress.2214680975.from_port": "80",
                            "ingress.2214680975.ipv6_cidr_blocks.#": "0",
                            "ingress.2214680975.protocol": "TCP",
                            "ingress.2214680975.security_groups.#": "0",
                            "ingress.2214680975.self": "false",
                            "ingress.2214680975.to_port": "80",
                            "ingress.246673291.cidr_blocks.#": "2",
                            "ingress.246673291.cidr_blocks.0": "10.0.5.0/24",
                            "ingress.246673291.cidr_blocks.1": "10.0.6.0/24",
                            "ingress.246673291.description": "",
                            "ingress.246673291.from_port": "22",
                            "ingress.246673291.ipv6_cidr_blocks.#": "0",
                            "ingress.246673291.protocol": "TCP",
                            "ingress.246673291.security_groups.#": "0",
                            "ingress.246673291.self": "false",
                            "ingress.246673291.to_port": "22",
                            "name": "web server a",
                            "owner_id": "729972032551",
                            "revoke_rules_on_delete": "false",
                            "tags.%": "0",
                            "vpc_id": "vpc-02d6facd4168b0626"
                        },
                        "meta": {
                            "e2bfb730-ecaa-11e6-8f88-34363bc7c4c0": {
                                "create": 600000000000,
                                "delete": 600000000000
                            },
                            "schema_version": "1"
                        },
                        "tainted": false
                    },
                    "deposed": [],
                    "provider": "provider.aws"
                },
                "aws_security_group.Webserver_zone_b": {
                    "type": "aws_security_group",
                    "depends_on": [
                        "aws_vpc.P2_VPC"
                    ],
                    "primary": {
                        "id": "sg-0b294b43962dcb8a0",
                        "attributes": {
                            "arn": "arn:aws:ec2:us-west-2:729972032551:security-group/sg-0b294b43962dcb8a0",
                            "description": "Open up port for server",
                            "egress.#": "1",
                            "egress.482069346.cidr_blocks.#": "1",
                            "egress.482069346.cidr_blocks.0": "0.0.0.0/0",
                            "egress.482069346.description": "",
                            "egress.482069346.from_port": "0",
                            "egress.482069346.ipv6_cidr_blocks.#": "0",
                            "egress.482069346.prefix_list_ids.#": "0",
                            "egress.482069346.protocol": "-1",
                            "egress.482069346.security_groups.#": "0",
                            "egress.482069346.self": "false",
                            "egress.482069346.to_port": "0",
                            "id": "sg-0b294b43962dcb8a0",
                            "ingress.#": "2",
                            "ingress.2214680975.cidr_blocks.#": "1",
                            "ingress.2214680975.cidr_blocks.0": "0.0.0.0/0",
                            "ingress.2214680975.description": "",
                            "ingress.2214680975.from_port": "80",
                            "ingress.2214680975.ipv6_cidr_blocks.#": "0",
                            "ingress.2214680975.protocol": "TCP",
                            "ingress.2214680975.security_groups.#": "0",
                            "ingress.2214680975.self": "false",
                            "ingress.2214680975.to_port": "80",
                            "ingress.246673291.cidr_blocks.#": "2",
                            "ingress.246673291.cidr_blocks.0": "10.0.5.0/24",
                            "ingress.246673291.cidr_blocks.1": "10.0.6.0/24",
                            "ingress.246673291.description": "",
                            "ingress.246673291.from_port": "22",
                            "ingress.246673291.ipv6_cidr_blocks.#": "0",
                            "ingress.246673291.protocol": "TCP",
                            "ingress.246673291.security_groups.#": "0",
                            "ingress.246673291.self": "false",
                            "ingress.246673291.to_port": "22",
                            "name": "web server b",
                            "owner_id": "729972032551",
                            "revoke_rules_on_delete": "false",
                            "tags.%": "0",
                            "vpc_id": "vpc-02d6facd4168b0626"
                        },
                        "meta": {
                            "e2bfb730-ecaa-11e6-8f88-34363bc7c4c0": {
                                "create": 600000000000,
                                "delete": 600000000000
                            },
                            "schema_version": "1"
                        },
                        "tainted": false
                    },
                    "deposed": [],
                    "provider": "provider.aws"
                },
                "aws_security_group.bastion_server": {
                    "type": "aws_security_group",
                    "depends_on": [
                        "aws_vpc.P2_VPC"
                    ],
                    "primary": {
                        "id": "sg-03c1c9379b70d251a",
                        "attributes": {
                            "arn": "arn:aws:ec2:us-west-2:729972032551:security-group/sg-03c1c9379b70d251a",
                            "description": "Security group for bastion",
                            "egress.#": "1",
                            "egress.482069346.cidr_blocks.#": "1",
                            "egress.482069346.cidr_blocks.0": "0.0.0.0/0",
                            "egress.482069346.description": "",
                            "egress.482069346.from_port": "0",
                            "egress.482069346.ipv6_cidr_blocks.#": "0",
                            "egress.482069346.prefix_list_ids.#": "0",
                            "egress.482069346.protocol": "-1",
                            "egress.482069346.security_groups.#": "0",
                            "egress.482069346.self": "false",
                            "egress.482069346.to_port": "0",
                            "id": "sg-03c1c9379b70d251a",
                            "ingress.#": "1",
                            "ingress.2541437006.cidr_blocks.#": "1",
                            "ingress.2541437006.cidr_blocks.0": "0.0.0.0/0",
                            "ingress.2541437006.description": "",
                            "ingress.2541437006.from_port": "22",
                            "ingress.2541437006.ipv6_cidr_blocks.#": "0",
                            "ingress.2541437006.protocol": "TCP",
                            "ingress.2541437006.security_groups.#": "0",
                            "ingress.2541437006.self": "false",
                            "ingress.2541437006.to_port": "22",
                            "name": "bastion_server",
                            "owner_id": "729972032551",
                            "revoke_rules_on_delete": "false",
                            "tags.%": "0",
                            "vpc_id": "vpc-02d6facd4168b0626"
                        },
                        "meta": {
                            "e2bfb730-ecaa-11e6-8f88-34363bc7c4c0": {
                                "create": 600000000000,
                                "delete": 600000000000
                            },
                            "schema_version": "1"
                        },
                        "tainted": false
                    },
                    "deposed": [],
                    "provider": "provider.aws"
                },
                "aws_security_group.load_balancer_security_group": {
                    "type": "aws_security_group",
                    "depends_on": [
                        "aws_vpc.P2_VPC"
                    ],
                    "primary": {
                        "id": "sg-0058f29e46acaa921",
                        "attributes": {
                            "arn": "arn:aws:ec2:us-west-2:729972032551:security-group/sg-0058f29e46acaa921",
                            "description": "Set HTTP up for load balance",
                            "egress.#": "1",
                            "egress.2214680975.cidr_blocks.#": "1",
                            "egress.2214680975.cidr_blocks.0": "0.0.0.0/0",
                            "egress.2214680975.description": "",
                            "egress.2214680975.from_port": "80",
                            "egress.2214680975.ipv6_cidr_blocks.#": "0",
                            "egress.2214680975.prefix_list_ids.#": "0",
                            "egress.2214680975.protocol": "TCP",
                            "egress.2214680975.security_groups.#": "0",
                            "egress.2214680975.self": "false",
                            "egress.2214680975.to_port": "80",
                            "id": "sg-0058f29e46acaa921",
                            "ingress.#": "1",
                            "ingress.2214680975.cidr_blocks.#": "1",
                            "ingress.2214680975.cidr_blocks.0": "0.0.0.0/0",
                            "ingress.2214680975.description": "",
                            "ingress.2214680975.from_port": "80",
                            "ingress.2214680975.ipv6_cidr_blocks.#": "0",
                            "ingress.2214680975.protocol": "TCP",
                            "ingress.2214680975.security_groups.#": "0",
                            "ingress.2214680975.self": "false",
                            "ingress.2214680975.to_port": "80",
                            "name": "load_balancer_security_group",
                            "owner_id": "729972032551",
                            "revoke_rules_on_delete": "false",
                            "tags.%": "0",
                            "vpc_id": "vpc-02d6facd4168b0626"
                        },
                        "meta": {
                            "e2bfb730-ecaa-11e6-8f88-34363bc7c4c0": {
                                "create": 600000000000,
                                "delete": 600000000000
                            },
                            "schema_version": "1"
                        },
                        "tainted": false
                    },
                    "deposed": [],
                    "provider": "provider.aws"
                },
                "aws_subnet.Private-db-zone-a": {
                    "type": "aws_subnet",
                    "depends_on": [
                        "aws_vpc.P2_VPC"
                    ],
                    "primary": {
                        "id": "subnet-071284ac10d7adb79",
                        "attributes": {
                            "arn": "arn:aws:ec2:us-west-2:729972032551:subnet/subnet-071284ac10d7adb79",
                            "assign_ipv6_address_on_creation": "false",
                            "availability_zone": "us-west-2a",
                            "cidr_block": "10.0.3.0/24",
                            "id": "subnet-071284ac10d7adb79",
                            "map_public_ip_on_launch": "false",
                            "tags.%": "1",
                            "tags.Name": "Private DB zone a",
                            "vpc_id": "vpc-02d6facd4168b0626"
                        },
                        "meta": {
                            "schema_version": "1"
                        },
                        "tainted": false
                    },
                    "deposed": [],
                    "provider": "provider.aws"
                },
                "aws_subnet.Private-db-zone-b": {
                    "type": "aws_subnet",
                    "depends_on": [
                        "aws_vpc.P2_VPC"
                    ],
                    "primary": {
                        "id": "subnet-0f88e2af618a34ebc",
                        "attributes": {
                            "arn": "arn:aws:ec2:us-west-2:729972032551:subnet/subnet-0f88e2af618a34ebc",
                            "assign_ipv6_address_on_creation": "false",
                            "availability_zone": "us-west-2b",
                            "cidr_block": "10.0.4.0/24",
                            "id": "subnet-0f88e2af618a34ebc",
                            "map_public_ip_on_launch": "false",
                            "tags.%": "1",
                            "tags.Name": "Private DB zone b",
                            "vpc_id": "vpc-02d6facd4168b0626"
                        },
                        "meta": {
                            "schema_version": "1"
                        },
                        "tainted": false
                    },
                    "deposed": [],
                    "provider": "provider.aws"
                },
                "aws_subnet.Public_bastion_zone_a": {
                    "type": "aws_subnet",
                    "depends_on": [
                        "aws_vpc.P2_VPC"
                    ],
                    "primary": {
                        "id": "subnet-0e62cfae7a0c6abf4",
                        "attributes": {
                            "arn": "arn:aws:ec2:us-west-2:729972032551:subnet/subnet-0e62cfae7a0c6abf4",
                            "assign_ipv6_address_on_creation": "false",
                            "availability_zone": "us-west-2a",
                            "cidr_block": "10.0.5.0/24",
                            "id": "subnet-0e62cfae7a0c6abf4",
                            "map_public_ip_on_launch": "false",
                            "tags.%": "1",
                            "tags.Name": "Public Bastion Zone A",
                            "vpc_id": "vpc-02d6facd4168b0626"
                        },
                        "meta": {
                            "schema_version": "1"
                        },
                        "tainted": false
                    },
                    "deposed": [],
                    "provider": "provider.aws"
                },
                "aws_subnet.Public_bastion_zone_b": {
                    "type": "aws_subnet",
                    "depends_on": [
                        "aws_vpc.P2_VPC"
                    ],
                    "primary": {
                        "id": "subnet-03907b7d6f52a2222",
                        "attributes": {
                            "arn": "arn:aws:ec2:us-west-2:729972032551:subnet/subnet-03907b7d6f52a2222",
                            "assign_ipv6_address_on_creation": "false",
                            "availability_zone": "us-west-2b",
                            "cidr_block": "10.0.6.0/24",
                            "id": "subnet-03907b7d6f52a2222",
                            "map_public_ip_on_launch": "false",
                            "tags.%": "1",
                            "tags.Name": "Public Bastion Zone B",
                            "vpc_id": "vpc-02d6facd4168b0626"
                        },
                        "meta": {
                            "schema_version": "1"
                        },
                        "tainted": false
                    },
                    "deposed": [],
                    "provider": "provider.aws"
                },
                "aws_subnet.Public_webserver_zone_a": {
                    "type": "aws_subnet",
                    "depends_on": [
                        "aws_vpc.P2_VPC"
                    ],
                    "primary": {
                        "id": "subnet-01660dd8f3a3bc286",
                        "attributes": {
                            "arn": "arn:aws:ec2:us-west-2:729972032551:subnet/subnet-01660dd8f3a3bc286",
                            "assign_ipv6_address_on_creation": "false",
                            "availability_zone": "us-west-2a",
                            "cidr_block": "10.0.1.0/24",
                            "id": "subnet-01660dd8f3a3bc286",
                            "map_public_ip_on_launch": "false",
                            "tags.%": "1",
                            "tags.Name": "Public Web Server Zone A",
                            "vpc_id": "vpc-02d6facd4168b0626"
                        },
                        "meta": {
                            "schema_version": "1"
                        },
                        "tainted": false
                    },
                    "deposed": [],
                    "provider": "provider.aws"
                },
                "aws_subnet.Public_webserver_zone_b": {
                    "type": "aws_subnet",
                    "depends_on": [
                        "aws_vpc.P2_VPC"
                    ],
                    "primary": {
                        "id": "subnet-0178385a4cbb0b1e4",
                        "attributes": {
                            "arn": "arn:aws:ec2:us-west-2:729972032551:subnet/subnet-0178385a4cbb0b1e4",
                            "assign_ipv6_address_on_creation": "false",
                            "availability_zone": "us-west-2b",
                            "cidr_block": "10.0.2.0/24",
                            "id": "subnet-0178385a4cbb0b1e4",
                            "map_public_ip_on_launch": "false",
                            "tags.%": "1",
                            "tags.Name": "Public Web Server Zone B",
                            "vpc_id": "vpc-02d6facd4168b0626"
                        },
                        "meta": {
                            "schema_version": "1"
                        },
                        "tainted": false
                    },
                    "deposed": [],
                    "provider": "provider.aws"
                },
                "aws_vpc.P2_VPC": {
                    "type": "aws_vpc",
                    "depends_on": [],
                    "primary": {
                        "id": "vpc-02d6facd4168b0626",
                        "attributes": {
                            "arn": "arn:aws:ec2:us-west-2:729972032551:vpc/vpc-02d6facd4168b0626",
                            "assign_generated_ipv6_cidr_block": "false",
                            "cidr_block": "10.0.0.0/16",
                            "default_network_acl_id": "acl-01609f64618fcd988",
                            "default_route_table_id": "rtb-0945cb71496f2a3d2",
                            "default_security_group_id": "sg-070e89eb13587bf38",
                            "dhcp_options_id": "dopt-03349144725048fd0",
                            "enable_classiclink": "false",
                            "enable_classiclink_dns_support": "false",
                            "enable_dns_hostnames": "true",
                            "enable_dns_support": "true",
                            "id": "vpc-02d6facd4168b0626",
                            "instance_tenancy": "default",
                            "main_route_table_id": "rtb-0945cb71496f2a3d2",
                            "tags.%": "0"
                        },
                        "meta": {
                            "schema_version": "1"
                        },
                        "tainted": false
                    },
                    "deposed": [],
                    "provider": "provider.aws"
                },
                "aws_vpc_dhcp_options.p2dhcp": {
                    "type": "aws_vpc_dhcp_options",
                    "depends_on": [],
                    "primary": {
                        "id": "dopt-03349144725048fd0",
                        "attributes": {
                            "domain_name": "p2.internal",
                            "domain_name_servers.#": "1",
                            "domain_name_servers.0": "AmazonProvidedDNS",
                            "id": "dopt-03349144725048fd0",
                            "tags.%": "0"
                        },
                        "meta": {},
                        "tainted": false
                    },
                    "deposed": [],
                    "provider": "provider.aws"
                },
                "aws_vpc_dhcp_options_association.dns_resolver": {
                    "type": "aws_vpc_dhcp_options_association",
                    "depends_on": [
                        "aws_vpc.P2_VPC",
                        "aws_vpc_dhcp_options.p2dhcp"
                    ],
                    "primary": {
                        "id": "dopt-03349144725048fd0-vpc-02d6facd4168b0626",
                        "attributes": {
                            "dhcp_options_id": "dopt-03349144725048fd0",
                            "id": "dopt-03349144725048fd0-vpc-02d6facd4168b0626",
                            "vpc_id": "vpc-02d6facd4168b0626"
                        },
                        "meta": {},
                        "tainted": false
                    },
                    "deposed": [],
                    "provider": "provider.aws"
                }
            },
            "depends_on": []
        }
    ]
}
